---
lockfileVersion: '9.0'

importers:

  .:
    configDependencies: {}
    packageManagerDependencies:
      pnpm:
        specifier: 12.4.0
        version: 12.4.0

packages:

  '@pnpm/exe.android-arm64@12.4.0':
    resolution: {integrity: sha512-sAwslzCw74OpqK2P9l39cgdrRWHSqf5wEjB58JEzeVX6wdLvaHyg9i/GeRK5Ou6PZNA3AkD4yLO3c/y7UqOf8w==}
    cpu: [arm64]
    os: [android]

  '@pnpm/exe.android-x64@12.4.0':
    resolution: {integrity: sha512-Ps3Gz0OrqYjuRfhzeNqcvIow6QmNrU3BSzMxJu5rUCSl7inVUUFX2gZbNL9naQsNLoorKCdxUf4N+WI9Mr1WBg==}
    cpu: [x64]
    os: [android]

  '@pnpm/exe.darwin-arm64@12.4.0':
    resolution: {integrity: sha512-75EYiF8GuiTsnvP4cbZsviMBjohXUYtg2zjD4gdfhqxlU1y9Nj+KdEsbH4jfgB/FgyJSYPB2rqfmvvgLnRlVug==}
    cpu: [arm64]
    os: [darwin]

  '@pnpm/exe.darwin-x64@12.4.0':
    resolution: {integrity: sha512-b74TzBg8lxl0lqZImGOXpRbAGcqVKX+UMckl3wG+KH52yYHI86VBJP86HbJX30HJ/EFeC6Tgbz2E4b5hhKRvdA==}
    cpu: [x64]
    os: [darwin]

  '@pnpm/exe.freebsd-x64@12.4.0':
    resolution: {integrity: sha512-A45d6axdQIFNyNTYZAC64wh5+6LJ6dNKhNAoNMNi/EC5y9CRfv0GL3ZYDBqpkmsN9KMAkVsFWizq/Ng6xtjnhw==}
    cpu: [x64]
    os: [freebsd]

  '@pnpm/exe.linux-arm64-musl@12.4.0':
    resolution: {integrity: sha512-yS6DNel7twfEUoW1yka1hpQrnhRe/s1JZ1MThVfgrmNQrNaPyHxQvAihm/GtL2CM6OeMV6z5532H/W/yDjQp5g==}
    cpu: [arm64]
    os: [linux]
    libc: [musl]

  '@pnpm/exe.linux-arm64@12.4.0':
    resolution: {integrity: sha512-6npQUwq3D/WXbTgR4evApEKQ9ITznZ6Iz/dptcjBzA7+wSLTaYkK98Od2wsHCoPmEFb9tGtM+cvG82+wy0o9uA==}
    cpu: [arm64]
    os: [linux]
    libc: [glibc]

  '@pnpm/exe.linux-ppc64@12.4.0':
    resolution: {integrity: sha512-7shJ4WytyvBEdjrbIDqx2gDAH7sr0HBDooTmnNQ7DlzcLeeGi7Yqir7gJjOTm6s9S1cVnT56IwmqnnwQMP1HTQ==}
    cpu: [ppc64]
    os: [linux]
    libc: [glibc]

  '@pnpm/exe.linux-riscv64@12.4.0':
    resolution: {integrity: sha512-q03EGUFoe/oOU/67E3sEAePr3qjFu8xrsX+WOXTodcFXfO5FondC6TPs7BSwhTiV27j3jeDP56qhJP05pXn+vw==}
    cpu: [riscv64]
    os: [linux]
    libc: [glibc]

  '@pnpm/exe.linux-s390x@12.4.0':
    resolution: {integrity: sha512-GZ5YellCtNnaLe9zVj9l3avlw9CbSzExUFDh7v+tVbLfOOfkkRLpx2lsw1ytJ/nFWvxF2TO6M6Q9JDT7q8svRg==}
    cpu: [s390x]
    os: [linux]
    libc: [glibc]

  '@pnpm/exe.linux-x64-musl@12.4.0':
    resolution: {integrity: sha512-c8YyjVL39L48tRg9i3iw3d90fN6q84UjxlgWBhplcBOpzCgmglDVkPMtEAVDC+t9iobvYzs2hJnmTqLaA87MVA==}
    cpu: [x64]
    os: [linux]
    libc: [musl]

  '@pnpm/exe.linux-x64@12.4.0':
    resolution: {integrity: sha512-SQVgRkcR4Xyqf8+VNbtY0rtcEnfDq48RhH30HWo2/UfqKEfle2rOMyGZOmN1DbMw4ZzG5mWYoC81O7ZqHFZcPw==}
    cpu: [x64]
    os: [linux]
    libc: [glibc]

  '@pnpm/exe.win32-arm64@12.4.0':
    resolution: {integrity: sha512-ZamXPhx0X6APZJAIkcH+K9KAsKcTYwxEgOyTQ/NXE+2UHBT9bRnSQ91sBeY6ELNd58V5cmMAkXSW5xmU+2ry+w==}
    cpu: [arm64]
    os: [win32]

  '@pnpm/exe.win32-x64@12.4.0':
    resolution: {integrity: sha512-b8bLaprnpYi/2zN0M3H9RDAHuxCP3fmV5agPPwdp9fIdjNSUkV7V/RC3L4oWwbZvVgYEjjFLx1RuJOdltoKP6g==}
    cpu: [x64]
    os: [win32]

  pnpm@12.4.0:
    resolution: {integrity: sha512-N1NsJu1Aq0E0tlEeCfayfz67RWh0aPJAbKOAUnmk5coVjBkxNQrZd01qshCNcbPbrrOZQxWSlDdeTQU+jgVoXA==}
    engines: {node: '>=18.*'}
    hasBin: true

snapshots:

  '@pnpm/exe.android-arm64@12.4.0':
    optional: true

  '@pnpm/exe.android-x64@12.4.0':
    optional: true

  '@pnpm/exe.darwin-arm64@12.4.0':
    optional: true

  '@pnpm/exe.darwin-x64@12.4.0':
    optional: true

  '@pnpm/exe.freebsd-x64@12.4.0':
    optional: true

  '@pnpm/exe.linux-arm64-musl@12.4.0':
    optional: true

  '@pnpm/exe.linux-arm64@12.4.0':
    optional: true

  '@pnpm/exe.linux-ppc64@12.4.0':
    optional: true

  '@pnpm/exe.linux-riscv64@12.4.0':
    optional: true

  '@pnpm/exe.linux-s390x@12.4.0':
    optional: true

  '@pnpm/exe.linux-x64-musl@12.4.0':
    optional: true

  '@pnpm/exe.linux-x64@12.4.0':
    optional: true

  '@pnpm/exe.win32-arm64@12.4.0':
    optional: true

  '@pnpm/exe.win32-x64@12.4.0':
    optional: true

  pnpm@12.4.0:
    optionalDependencies:
      '@pnpm/exe.android-arm64': 12.4.0
      '@pnpm/exe.android-x64': 12.4.0
      '@pnpm/exe.darwin-arm64': 12.4.0
      '@pnpm/exe.darwin-x64': 12.4.0
      '@pnpm/exe.freebsd-x64': 12.4.0
      '@pnpm/exe.linux-arm64': 12.4.0
      '@pnpm/exe.linux-arm64-musl': 12.4.0
      '@pnpm/exe.linux-ppc64': 12.4.0
      '@pnpm/exe.linux-riscv64': 12.4.0
      '@pnpm/exe.linux-s390x': 12.4.0
      '@pnpm/exe.linux-x64': 12.4.0
      '@pnpm/exe.linux-x64-musl': 12.4.0
      '@pnpm/exe.win32-arm64': 12.4.0
      '@pnpm/exe.win32-x64': 12.4.0

---
lockfileVersion: '9.0'

settings:
  autoInstallPeers: true
  excludeLinksFromLockfile: false

importers:

  .:
    dependencies:
      '@actions/core':
        specifier: 3.0.0
        version: 3.0.0
      '@octokit/action':
        specifier: 8.0.4
        version: 8.0.4
      js-yaml:
        specifier: 5.2.2
        version: 5.2.2
    devDependencies:
      '@evilmartians/lefthook':
        specifier: 2.1.5
        version: 2.1.5
      '@vercel/ncc':
        specifier: 0.38.4
        version: 0.38.4

packages:

  '@actions/core@3.0.0':
    resolution: {integrity: sha512-zYt6cz+ivnTmiT/ksRVriMBOiuoUpDCJJlZ5KPl2/FRdvwU3f7MPh9qftvbkXJThragzUZieit2nyHUyw53Seg==}

  '@actions/exec@3.0.0':
    resolution: {integrity: sha512-6xH/puSoNBXb72VPlZVm7vQ+svQpFyA96qdDBvhB8eNZOE8LtPf9L4oAsfzK/crCL8YZ+19fKYVnM63Sl+Xzlw==}

  '@actions/http-client@4.0.1':
    resolution: {integrity: sha512-+Nvd1ImaOZBSoPbsUtEhv+1z99H12xzncCkz0a3RuehINE81FZSe2QTj3uvAPTcJX/SCzUQHQ0D1GrPMbrPitg==}

  '@actions/io@3.0.2':
    resolution: {integrity: sha512-nRBchcMM+QK1pdjO7/idu86rbJI5YHUKCvKs0KxnSYbVe3F51UfGxuZX4Qy/fWlp6l7gWFwIkrOzN+oUK03kfw==}

  '@evilmartians/lefthook@2.1.5':
    resolution: {integrity: sha512-svJSugMv1M0g7JeD1EqGcVQtF4pk1HkFZ8h7hfygXDyMNmo2UyQteqr6b9ljkS936SvH61IJOBjllt/EH3c7gw==}
    cpu: [x64, arm64, ia32]
    os: [darwin, linux, win32]
    hasBin: true

  '@octokit/action@8.0.4':
    resolution: {integrity: sha512-1qFYTCrShafc5fQaEbLNUo4xIi/nf98R8iAcJ0ITTCfoRnei9g5Ss9kGkN2tOA7gBlI4HB08Seub4navWXSSbg==}
    engines: {node: '>= 20'}

  '@octokit/auth-action@6.0.2':
    resolution: {integrity: sha512-gEBsz0QioHOMoEU7u2VMr2FfOvfJCrGc42K9rliS7LnlZJLcEMFccIiCiPpPNH+yXs7YYNKQ7lOX67ZTWn6Ysg==}
    engines: {node: '>= 20'}

  '@octokit/auth-token@6.0.0':
    resolution: {integrity: sha512-P4YJBPdPSpWTQ1NU4XYdvHvXJJDxM6YwpS0FZHRgP7YFkdVxsWcpWGy/NVqlAA7PcPCnMacXlRm1y2PFZRWL/w==}
    engines: {node: '>= 20'}

  '@octokit/core@7.0.6':
    resolution: {integrity: sha512-DhGl4xMVFGVIyMwswXeyzdL4uXD5OGILGX5N8Y+f6W7LhC1Ze2poSNrkF/fedpVDHEEZ+PHFW0vL14I+mm8K3Q==}
    engines: {node: '>= 20'}

  '@octokit/endpoint@11.0.3':
    resolution: {integrity: sha512-FWFlNxghg4HrXkD3ifYbS/IdL/mDHjh9QcsNyhQjN8dplUoZbejsdpmuqdA76nxj2xoWPs7p8uX2SNr9rYu0Ag==}
    engines: {node: '>= 20'}

  '@octokit/graphql@9.0.3':
    resolution: {integrity: sha512-grAEuupr/C1rALFnXTv6ZQhFuL1D8G5y8CN04RgrO4FIPMrtm+mcZzFG7dcBm+nq+1ppNixu+Jd78aeJOYxlGA==}
    engines: {node: '>= 20'}

  '@octokit/openapi-types@27.0.0':
    resolution: {integrity: sha512-whrdktVs1h6gtR+09+QsNk2+FO+49j6ga1c55YZudfEG+oKJVvJLQi3zkOm5JjiUXAagWK2tI2kTGKJ2Ys7MGA==}

  '@octokit/plugin-paginate-rest@14.0.0':
    resolution: {integrity: sha512-fNVRE7ufJiAA3XUrha2omTA39M6IXIc6GIZLvlbsm8QOQCYvpq/LkMNGyFlB1d8hTDzsAXa3OKtybdMAYsV/fw==}
    engines: {node: '>= 20'}
    peerDependencies:
      '@octokit/core': '>=6'

  '@octokit/plugin-rest-endpoint-methods@17.0.0':
    resolution: {integrity: sha512-B5yCyIlOJFPqUUeiD0cnBJwWJO8lkJs5d8+ze9QDP6SvfiXSz1BF+91+0MeI1d2yxgOhU/O+CvtiZ9jSkHhFAw==}
    engines: {node: '>= 20'}
    peerDependencies:
      '@octokit/core': '>=6'

  '@octokit/request-error@7.1.0':
    resolution: {integrity: sha512-KMQIfq5sOPpkQYajXHwnhjCC0slzCNScLHs9JafXc4RAJI+9f+jNDlBNaIMTvazOPLgb4BnlhGJOTbnN0wIjPw==}
    engines: {node: '>= 20'}

  '@octokit/request@10.0.11':
    resolution: {integrity: sha512-+s7HUxjfFqOMS9VlIwDffq0MikjSAK0gSpG73W+meAvVAvX4MBrHYTK5Bj3Uot55qFT4gzUtfzE4mGWY4Br8/Q==}
    engines: {node: '>= 20'}

  '@octokit/types@16.0.0':
    resolution: {integrity: sha512-sKq+9r1Mm4efXW1FCk7hFSeJo4QKreL/tTbR0rz/qx/r1Oa2VV83LTA/H/MuCOX7uCIJmQVRKBcbmWoySjAnSg==}

  '@vercel/ncc@0.38.4':
    resolution: {integrity: sha512-8LwjnlP39s08C08J5NstzriPvW1SP8Zfpp1BvC2sI35kPeZnHfxVkCwu4/+Wodgnd60UtT1n8K8zw+Mp7J9JmQ==}
    hasBin: true

  argparse@2.0.1:
    resolution: {integrity: sha512-8+9WqebbFzpX9OR+Wa6O29asIogeRMzcGtAINdpMHHyAg10f05aSFVBbcEqGf/PXw1EjAZ+q2/bEBg3DvurK3Q==}

  before-after-hook@4.0.0:
    resolution: {integrity: sha512-q6tR3RPqIB1pMiTRMFcZwuG5T8vwp+vUvEG0vuI6B+Rikh5BfPp2fQ82c925FOs+b0lcFQ8CFrL+KbilfZFhOQ==}

  content-type@2.0.0:
    resolution: {integrity: sha512-j/O/d7GcZCyNl7/hwZAb606rzqkyvaDctLmckbxLzHvFBzTJHuGEdodATcP3yIRoDrLHkIATJuvzbFlp/ki2cQ==}
    engines: {node: '>=18'}

  js-yaml@5.2.2:
    resolution: {integrity: sha512-dayzUzKkJ1MkuUtZglSebU43utNXH0OWQByK9rKOOuYIO8M5TV1y+n8ALMdG0rdzBnfNkOmZEqrURepb0ejqBw==}
    hasBin: true

  json-with-bigint@3.5.10:
    resolution: {integrity: sha512-Vcx+JVNEBts/xfcoCS69sKrOhOk/3TVlvlT+XzUOefVKnnrbYSCKpDCm10pohsJFtsJVYnwa/cXRZ4eElzaM6w==}

  tunnel@0.0.6:
    resolution: {integrity: sha512-1h/Lnq9yajKY2PEbBadPXj3VxsDDu844OnaAo52UVmIzIvwwtBPIuNvkjuzBlTWpfJyUbG3ez0KSBibQkj4ojg==}
    engines: {node: '>=0.6.11 <=0.7.0 || >=0.7.3'}

  undici@6.27.0:
    resolution: {integrity: sha512-YmfV3YnEDzXRC5lZ2jWtWWHKGUm1zIt8AhesR1tens+HTNv+YZlN/dp6G727LOvMJ8xjP9Be7Y2Sdr96LDm+pg==}
    engines: {node: '>=18.17'}

  undici@7.28.0:
    resolution: {integrity: sha512-cRZYrTDwWznlnRiPjggAGxZXanty6M8RV1ff8Wm4LWXBp7/IG8v5DnOm74DtUBp9OONpK75YlPnIjQqX0dBDtA==}
    engines: {node: '>=20.18.1'}

  universal-user-agent@7.0.3:
    resolution: {integrity: sha512-TmnEAEAsBJVZM/AADELsK76llnwcf9vMKuPz8JflO1frO8Lchitr0fNaN9d+Ap0BjKtqWqd/J17qeDnXh8CL2A==}

snapshots:

  '@actions/core@3.0.0':
    dependencies:
      '@actions/exec': 3.0.0
      '@actions/http-client': 4.0.1

  '@actions/exec@3.0.0':
    dependencies:
      '@actions/io': 3.0.2

  '@actions/http-client@4.0.1':
    dependencies:
      tunnel: 0.0.6
      undici: 6.27.0

  '@actions/io@3.0.2': {}

  '@evilmartians/lefthook@2.1.5': {}

  '@octokit/action@8.0.4':
    dependencies:
      '@octokit/auth-action': 6.0.2
      '@octokit/core': 7.0.6
      '@octokit/plugin-paginate-rest': 14.0.0(@octokit/core@7.0.6)
      '@octokit/plugin-rest-endpoint-methods': 17.0.0(@octokit/core@7.0.6)
      '@octokit/types': 16.0.0
      undici: 7.28.0

  '@octokit/auth-action@6.0.2':
    dependencies:
      '@octokit/auth-token': 6.0.0
      '@octokit/types': 16.0.0

  '@octokit/auth-token@6.0.0': {}

  '@octokit/core@7.0.6':
    dependencies:
      '@octokit/auth-token': 6.0.0
      '@octokit/graphql': 9.0.3
      '@octokit/request': 10.0.11
      '@octokit/request-error': 7.1.0
      '@octokit/types': 16.0.0
      before-after-hook: 4.0.0
      universal-user-agent: 7.0.3

  '@octokit/endpoint@11.0.3':
    dependencies:
      '@octokit/types': 16.0.0
      universal-user-agent: 7.0.3

  '@octokit/graphql@9.0.3':
    dependencies:
      '@octokit/request': 10.0.11
      '@octokit/types': 16.0.0
      universal-user-agent: 7.0.3

  '@octokit/openapi-types@27.0.0': {}

  '@octokit/plugin-paginate-rest@14.0.0(@octokit/core@7.0.6)':
    dependencies:
      '@octokit/core': 7.0.6
      '@octokit/types': 16.0.0

  '@octokit/plugin-rest-endpoint-methods@17.0.0(@octokit/core@7.0.6)':
    dependencies:
      '@octokit/core': 7.0.6
      '@octokit/types': 16.0.0

  '@octokit/request-error@7.1.0':
    dependencies:
      '@octokit/types': 16.0.0

  '@octokit/request@10.0.11':
    dependencies:
      '@octokit/endpoint': 11.0.3
      '@octokit/request-error': 7.1.0
      '@octokit/types': 16.0.0
      content-type: 2.0.0
      json-with-bigint: 3.5.10
      universal-user-agent: 7.0.3

  '@octokit/types@16.0.0':
    dependencies:
      '@octokit/openapi-types': 27.0.0

  '@vercel/ncc@0.38.4': {}

  argparse@2.0.1: {}

  before-after-hook@4.0.0: {}

  content-type@2.0.0: {}

  js-yaml@5.2.2:
    dependencies:
      argparse: 2.0.1

  json-with-bigint@3.5.10: {}

  tunnel@0.0.6: {}

  undici@6.27.0: {}

  undici@7.28.0: {}

  universal-user-agent@7.0.3: {}
