lockfileVersion: '9.0'

settings:
  autoInstallPeers: true
  excludeLinksFromLockfile: false

importers:

  .:
    dependencies:
      '@actions/core':
        specifier: 1.11.1
        version: 1.11.1
      '@octokit/action':
        specifier: 7.0.2
        version: 7.0.2
      js-yaml:
        specifier: 4.1.0
        version: 4.1.0
    devDependencies:
      '@evilmartians/lefthook':
        specifier: 1.11.13
        version: 1.11.13
      '@vercel/ncc':
        specifier: 0.38.3
        version: 0.38.3

packages:

  '@actions/core@1.11.1':
    resolution: {integrity: sha512-hXJCSrkwfA46Vd9Z3q4cpEpHB1rL5NG04+/rbqW9d3+CSvtB1tYe8UTpAlixa1vj0m/ULglfEK2UKxMGxCxv5A==}

  '@actions/exec@1.1.1':
    resolution: {integrity: sha512-+sCcHHbVdk93a0XT19ECtO/gIXoxvdsgQLzb2fE2/5sIZmWQuluYyjPQtrtTHdU1YzTZ7bAPN4sITq2xi1679w==}

  '@actions/http-client@2.2.3':
    resolution: {integrity: sha512-mx8hyJi/hjFvbPokCg4uRd4ZX78t+YyRPtnKWwIl+RzNaVuFpQHfmlGVfsKEJN8LwTCvL+DfVgAM04XaHkm6bA==}

  '@actions/io@1.1.3':
    resolution: {integrity: sha512-wi9JjgKLYS7U/z8PPbco+PvTb/nRWjeoFlJ1Qer83k/3C5PHQi28hiVdeE2kHXmIL99mQFawx8qt/JPjZilJ8Q==}

  '@evilmartians/lefthook@1.11.13':
    resolution: {integrity: sha512-CcR9u7lb3uCKD+295S2GfhROI6q9npTsJ/E07XupZZFO8sdYHm3Uo3x8t+lzKmI/7rCFA2t0MWRggjNrxpjXFg==}
    cpu: [x64, arm64, ia32]
    os: [darwin, linux, win32]
    hasBin: true

  '@fastify/busboy@2.1.1':
    resolution: {integrity: sha512-vBZP4NlzfOlerQTnba4aqZoMhE/a9HY7HRqoOPaETQcSQuWEIyZMHGfVu6w9wGtGK5fED5qRs2DteVCjOH60sA==}
    engines: {node: '>=14'}

  '@octokit/action@7.0.2':
    resolution: {integrity: sha512-mM/NxCh5oviEhNB7NOwFR9SeGMx32TYR0N4lt+SdNsrQmm+ozKgHXZddQixrDzg0b4tWAsMi85nHLeIs5bM5jg==}
    engines: {node: '>= 18'}

  '@octokit/auth-action@5.1.2':
    resolution: {integrity: sha512-KgR3hIHz1iHytBrWdsVRN7elYtF6TP2fKIlnpjagT1rGY2WnALckO6aOUjwxGOyrnXd44j/QSKQilCnAswJg3A==}
    engines: {node: '>= 18'}

  '@octokit/auth-token@5.1.2':
    resolution: {integrity: sha512-JcQDsBdg49Yky2w2ld20IHAlwr8d/d8N6NiOXbtuoPCqzbsiJgF633mVUw3x4mo0H5ypataQIX7SFu3yy44Mpw==}
    engines: {node: '>= 18'}

  '@octokit/core@6.1.5':
    resolution: {integrity: sha512-vvmsN0r7rguA+FySiCsbaTTobSftpIDIpPW81trAmsv9TGxg3YCujAxRYp/Uy8xmDgYCzzgulG62H7KYUFmeIg==}
    engines: {node: '>= 18'}

  '@octokit/endpoint@10.1.4':
    resolution: {integrity: sha512-OlYOlZIsfEVZm5HCSR8aSg02T2lbUWOsCQoPKfTXJwDzcHQBrVBGdGXb89dv2Kw2ToZaRtudp8O3ZIYoaOjKlA==}
    engines: {node: '>= 18'}

  '@octokit/graphql@8.2.2':
    resolution: {integrity: sha512-Yi8hcoqsrXGdt0yObxbebHXFOiUA+2v3n53epuOg1QUgOB6c4XzvisBNVXJSl8RYA5KrDuSL2yq9Qmqe5N0ryA==}
    engines: {node: '>= 18'}

  '@octokit/openapi-types@25.0.0':
    resolution: {integrity: sha512-FZvktFu7HfOIJf2BScLKIEYjDsw6RKc7rBJCdvCTfKsVnx2GEB/Nbzjr29DUdb7vQhlzS/j8qDzdditP0OC6aw==}

  '@octokit/plugin-paginate-rest@12.0.0':
    resolution: {integrity: sha512-MPd6WK1VtZ52lFrgZ0R2FlaoiWllzgqFHaSZxvp72NmoDeZ0m8GeJdg4oB6ctqMTYyrnDYp592Xma21mrgiyDA==}
    engines: {node: '>= 18'}
    peerDependencies:
      '@octokit/core': '>=6'

  '@octokit/plugin-rest-endpoint-methods@14.0.0':
    resolution: {integrity: sha512-iQt6ovem4b7zZYZQtdv+PwgbL5VPq37th1m2x2TdkgimIDJpsi2A6Q/OI/23i/hR6z5mL0EgisNR4dcbmckSZQ==}
    engines: {node: '>= 18'}
    peerDependencies:
      '@octokit/core': '>=6'

  '@octokit/request-error@6.1.8':
    resolution: {integrity: sha512-WEi/R0Jmq+IJKydWlKDmryPcmdYSVjL3ekaiEL1L9eo1sUnqMJ+grqmC9cjk7CA7+b2/T397tO5d8YLOH3qYpQ==}
    engines: {node: '>= 18'}

  '@octokit/request@9.2.3':
    resolution: {integrity: sha512-Ma+pZU8PXLOEYzsWf0cn/gY+ME57Wq8f49WTXA8FMHp2Ps9djKw//xYJ1je8Hm0pR2lU9FUGeJRWOtxq6olt4w==}
    engines: {node: '>= 18'}

  '@octokit/types@14.0.0':
    resolution: {integrity: sha512-VVmZP0lEhbo2O1pdq63gZFiGCKkm8PPp8AUOijlwPO6hojEVjspA0MWKP7E4hbvGxzFKNqKr6p0IYtOH/Wf/zA==}

  '@vercel/ncc@0.38.3':
    resolution: {integrity: sha512-rnK6hJBS6mwc+Bkab+PGPs9OiS0i/3kdTO+CkI8V0/VrW3vmz7O2Pxjw/owOlmo6PKEIxRSeZKv/kuL9itnpYA==}
    hasBin: true

  argparse@2.0.1:
    resolution: {integrity: sha512-8+9WqebbFzpX9OR+Wa6O29asIogeRMzcGtAINdpMHHyAg10f05aSFVBbcEqGf/PXw1EjAZ+q2/bEBg3DvurK3Q==}

  before-after-hook@3.0.2:
    resolution: {integrity: sha512-Nik3Sc0ncrMK4UUdXQmAnRtzmNQTAAXmXIopizwZ1W1t8QmfJj+zL4OA2I7XPTPW5z5TDqv4hRo/JzouDJnX3A==}

  fast-content-type-parse@2.0.1:
    resolution: {integrity: sha512-nGqtvLrj5w0naR6tDPfB4cUmYCqouzyQiz6C5y/LtcDllJdrcc6WaWW6iXyIIOErTa/XRybj28aasdn4LkVk6Q==}

  js-yaml@4.1.0:
    resolution: {integrity: sha512-wpxZs9NoxZaJESJGIZTyDEaYpl0FKSA+FB9aJiyemKhMwkxQg63h4T1KJgUGHpTqPDNRcmmYLugrRjJlBtWvRA==}
    hasBin: true

  tunnel@0.0.6:
    resolution: {integrity: sha512-1h/Lnq9yajKY2PEbBadPXj3VxsDDu844OnaAo52UVmIzIvwwtBPIuNvkjuzBlTWpfJyUbG3ez0KSBibQkj4ojg==}
    engines: {node: '>=0.6.11 <=0.7.0 || >=0.7.3'}

  undici@5.29.0:
    resolution: {integrity: sha512-raqeBD6NQK4SkWhQzeYKd1KmIG6dllBOTt55Rmkt4HtI9mwdWtJljnrXjAFUBLTSN67HWrOIZ3EPF4kjUw80Bg==}
    engines: {node: '>=14.0'}

  undici@6.21.2:
    resolution: {integrity: sha512-uROZWze0R0itiAKVPsYhFov9LxrPMHLMEQFszeI2gCN6bnIIZ8twzBCJcN2LJrBBLfrP0t1FW0g+JmKVl8Vk1g==}
    engines: {node: '>=18.17'}

  universal-user-agent@7.0.2:
    resolution: {integrity: sha512-0JCqzSKnStlRRQfCdowvqy3cy0Dvtlb8xecj/H8JFZuCze4rwjPZQOgvFvn0Ws/usCHQFGpyr+pB9adaGwXn4Q==}

snapshots:

  '@actions/core@1.11.1':
    dependencies:
      '@actions/exec': 1.1.1
      '@actions/http-client': 2.2.3

  '@actions/exec@1.1.1':
    dependencies:
      '@actions/io': 1.1.3

  '@actions/http-client@2.2.3':
    dependencies:
      tunnel: 0.0.6
      undici: 5.29.0

  '@actions/io@1.1.3': {}

  '@evilmartians/lefthook@1.11.13': {}

  '@fastify/busboy@2.1.1': {}

  '@octokit/action@7.0.2':
    dependencies:
      '@octokit/auth-action': 5.1.2
      '@octokit/core': 6.1.5
      '@octokit/plugin-paginate-rest': 12.0.0(@octokit/core@6.1.5)
      '@octokit/plugin-rest-endpoint-methods': 14.0.0(@octokit/core@6.1.5)
      '@octokit/types': 14.0.0
      undici: 6.21.2

  '@octokit/auth-action@5.1.2':
    dependencies:
      '@octokit/auth-token': 5.1.2
      '@octokit/types': 14.0.0

  '@octokit/auth-token@5.1.2': {}

  '@octokit/core@6.1.5':
    dependencies:
      '@octokit/auth-token': 5.1.2
      '@octokit/graphql': 8.2.2
      '@octokit/request': 9.2.3
      '@octokit/request-error': 6.1.8
      '@octokit/types': 14.0.0
      before-after-hook: 3.0.2
      universal-user-agent: 7.0.2

  '@octokit/endpoint@10.1.4':
    dependencies:
      '@octokit/types': 14.0.0
      universal-user-agent: 7.0.2

  '@octokit/graphql@8.2.2':
    dependencies:
      '@octokit/request': 9.2.3
      '@octokit/types': 14.0.0
      universal-user-agent: 7.0.2

  '@octokit/openapi-types@25.0.0': {}

  '@octokit/plugin-paginate-rest@12.0.0(@octokit/core@6.1.5)':
    dependencies:
      '@octokit/core': 6.1.5
      '@octokit/types': 14.0.0

  '@octokit/plugin-rest-endpoint-methods@14.0.0(@octokit/core@6.1.5)':
    dependencies:
      '@octokit/core': 6.1.5
      '@octokit/types': 14.0.0

  '@octokit/request-error@6.1.8':
    dependencies:
      '@octokit/types': 14.0.0

  '@octokit/request@9.2.3':
    dependencies:
      '@octokit/endpoint': 10.1.4
      '@octokit/request-error': 6.1.8
      '@octokit/types': 14.0.0
      fast-content-type-parse: 2.0.1
      universal-user-agent: 7.0.2

  '@octokit/types@14.0.0':
    dependencies:
      '@octokit/openapi-types': 25.0.0

  '@vercel/ncc@0.38.3': {}

  argparse@2.0.1: {}

  before-after-hook@3.0.2: {}

  fast-content-type-parse@2.0.1: {}

  js-yaml@4.1.0:
    dependencies:
      argparse: 2.0.1

  tunnel@0.0.6: {}

  undici@5.29.0:
    dependencies:
      '@fastify/busboy': 2.1.1

  undici@6.21.2: {}

  universal-user-agent@7.0.2: {}
